
Microsoft Visual Studio Solution File, Format Version 12.00
# Visual Studio Version 16
VisualStudioVersion = 16.0.31605.320
MinimumVisualStudioVersion = 10.0.40219.1
Project("{FAE04EC0-301F-11D3-BF4B-00C04F79EFBC}") = "Helpful debuger", "Helpful debuger\Helpful debuger.csproj", "{FACD35E2-974C-41B7-91EF-0344851227AB}"
EndProject
Global
	GlobalSection(SolutionConfigurationPlatforms) = preSolution
		Debug|Any CPU = Debug|Any CPU
		Release|Any CPU = Release|Any CPU
	EndGlobalSection
	GlobalSection(ProjectConfigurationPlatforms) = postSolution
		{FACD35E2-974C-41B7-91EF-0344851227AB}.Debug|Any CPU.ActiveCfg = Debug|Any CPU
		{FACD35E2-974C-41B7-91EF-0344851227AB}.Debug|Any CPU.Build.0 = Debug|Any CPU
		{FACD35E2-974C-41B7-91EF-0344851227AB}.Release|Any CPU.ActiveCfg = Release|Any CPU
		{FACD35E2-974C-41B7-91EF-0344851227AB}.Release|Any CPU.Build.0 = Release|Any CPU
	EndGlobalSection
	GlobalSection(SolutionProperties) = preSolution
		HideSolutionNode = FALSE
	EndGlobalSection
	GlobalSection(ExtensibilityGlobals) = postSolution
		SolutionGuid = {0704898A-80D4-4B67-86D8-20F2CA4ABAD1}
	EndGlobalSection
EndGlobal
